
Microsoft Visual Studio Solution File, Format Version 12.00
# Visual Studio Version 16
VisualStudioVersion = 16.0.32002.261
MinimumVisualStudioVersion = 10.0.40219.1
Project("{FAE04EC0-301F-11D3-BF4B-00C04F79EFBC}") = "AshrafFirstWebsite", "AshrafFirstWebsite\AshrafFirstWebsite.csproj", "{EE6D1003-CF3E-4298-9024-E03637E40CF6}"
EndProject
Project("{FAE04EC0-301F-11D3-BF4B-00C04F79EFBC}") = "Domain", "Domain\Domain.csproj", "{2626805B-B7C9-4838-9FF1-ADC5604116A9}"
EndProject
Global
	GlobalSection(SolutionConfigurationPlatforms) = preSolution
		Debug|Any CPU = Debug|Any CPU
		Release|Any CPU = Release|Any CPU
	EndGlobalSection
	GlobalSection(ProjectConfigurationPlatforms) = postSolution
		{EE6D1003-CF3E-4298-9024-E03637E40CF6}.Debug|Any CPU.ActiveCfg = Debug|Any CPU
		{EE6D1003-CF3E-4298-9024-E03637E40CF6}.Debug|Any CPU.Build.0 = Debug|Any CPU
		{EE6D1003-CF3E-4298-9024-E03637E40CF6}.Release|Any CPU.ActiveCfg = Release|Any CPU
		{EE6D1003-CF3E-4298-9024-E03637E40CF6}.Release|Any CPU.Build.0 = Release|Any CPU
		{2626805B-B7C9-4838-9FF1-ADC5604116A9}.Debug|Any CPU.ActiveCfg = Debug|Any CPU
		{2626805B-B7C9-4838-9FF1-ADC5604116A9}.Debug|Any CPU.Build.0 = Debug|Any CPU
		{2626805B-B7C9-4838-9FF1-ADC5604116A9}.Release|Any CPU.ActiveCfg = Release|Any CPU
		{2626805B-B7C9-4838-9FF1-ADC5604116A9}.Release|Any CPU.Build.0 = Release|Any CPU
	EndGlobalSection
	GlobalSection(SolutionProperties) = preSolution
		HideSolutionNode = FALSE
	EndGlobalSection
	GlobalSection(ExtensibilityGlobals) = postSolution
		SolutionGuid = {8C2CD094-6D3B-49C6-97F2-93D77F8F6CF0}
	EndGlobalSection
EndGlobal
